
Microsoft Visual Studio Solution File, Format Version 12.00
# Visual Studio Version 17
VisualStudioVersion = 17.8.34004.107
MinimumVisualStudioVersion = 10.0.40219.1
Project("{9A19103F-16F7-4668-BE54-9A1E7A4F7556}") = "SmtpToRest.WindowsService", "SmtpToRest.WindowsService\SmtpToRest.WindowsService.csproj", "{C3056569-8AA8-4771-B41A-3B875CE62F9C}"
EndProject
Project("{9A19103F-16F7-4668-BE54-9A1E7A4F7556}") = "SmtpToRest.UnitTests", "SmtpToRest.UnitTests\SmtpToRest.UnitTests.csproj", "{4BB25CA4-BCD1-4D64-882E-C09A6875B732}"
EndProject
Project("{2150E333-8FDC-42A3-9474-1A3956D46DE8}") = "Solution Items", "Solution Items", "{5155A12B-3B58-452C-B4A0-B814D4C0A3A4}"
	ProjectSection(SolutionItems) = preProject
		Directory.Build.props = Directory.Build.props
		Directory.Packages.props = Directory.Packages.props
		README.md = README.md
	EndProjectSection
EndProject
Project("{9A19103F-16F7-4668-BE54-9A1E7A4F7556}") = "SmtpToRest.Docker", "SmtpToRest.Docker\SmtpToRest.Docker.csproj", "{96D7DD40-5012-4B2C-91F7-15A3BE3B1388}"
EndProject
Project("{9A19103F-16F7-4668-BE54-9A1E7A4F7556}") = "SmtpToRest", "SmtpToRest\SmtpToRest.csproj", "{CA93D257-285A-4D1B-BC55-EA7B13E40C58}"
EndProject
Project("{2150E333-8FDC-42A3-9474-1A3956D46DE8}") = "Tests", "Tests", "{FBC4FD07-997C-4159-93F0-6AF90A3B67AF}"
EndProject
Project("{FAE04EC0-301F-11D3-BF4B-00C04F79EFBC}") = "SmtpToRest.IntegrationTests", "SmtpToRest.IntegrationTests\SmtpToRest.IntegrationTests.csproj", "{D4A72ACC-1ABC-4CC0-BE64-DC678F966587}"
EndProject
Project("{2150E333-8FDC-42A3-9474-1A3956D46DE8}") = ".github", ".github", "{02EA681E-C7D8-13C7-8484-4AC65E1B71E8}"
	ProjectSection(SolutionItems) = preProject
		.github\dependabot.yml = .github\dependabot.yml
	EndProjectSection
EndProject
Project("{2150E333-8FDC-42A3-9474-1A3956D46DE8}") = "workflows", "workflows", "{36FCDB1F-E190-4F66-A0CB-560C0A2A6576}"
	ProjectSection(SolutionItems) = preProject
		.github\workflows\build_artifacts.yml = .github\workflows\build_artifacts.yml
		.github\workflows\build_workflow.yml = .github\workflows\build_workflow.yml
	EndProjectSection
EndProject
Global
	GlobalSection(SolutionConfigurationPlatforms) = preSolution
		Debug|Any CPU = Debug|Any CPU
		Release|Any CPU = Release|Any CPU
	EndGlobalSection
	GlobalSection(ProjectConfigurationPlatforms) = postSolution
		{C3056569-8AA8-4771-B41A-3B875CE62F9C}.Debug|Any CPU.ActiveCfg = Debug|Any CPU
		{C3056569-8AA8-4771-B41A-3B875CE62F9C}.Debug|Any CPU.Build.0 = Debug|Any CPU
		{C3056569-8AA8-4771-B41A-3B875CE62F9C}.Release|Any CPU.ActiveCfg = Release|Any CPU
		{C3056569-8AA8-4771-B41A-3B875CE62F9C}.Release|Any CPU.Build.0 = Release|Any CPU
		{4BB25CA4-BCD1-4D64-882E-C09A6875B732}.Debug|Any CPU.ActiveCfg = Debug|Any CPU
		{4BB25CA4-BCD1-4D64-882E-C09A6875B732}.Debug|Any CPU.Build.0 = Debug|Any CPU
		{4BB25CA4-BCD1-4D64-882E-C09A6875B732}.Release|Any CPU.ActiveCfg = Release|Any CPU
		{4BB25CA4-BCD1-4D64-882E-C09A6875B732}.Release|Any CPU.Build.0 = Release|Any CPU
		{96D7DD40-5012-4B2C-91F7-15A3BE3B1388}.Debug|Any CPU.ActiveCfg = Debug|Any CPU
		{96D7DD40-5012-4B2C-91F7-15A3BE3B1388}.Debug|Any CPU.Build.0 = Debug|Any CPU
		{96D7DD40-5012-4B2C-91F7-15A3BE3B1388}.Release|Any CPU.ActiveCfg = Release|Any CPU
		{96D7DD40-5012-4B2C-91F7-15A3BE3B1388}.Release|Any CPU.Build.0 = Release|Any CPU
		{CA93D257-285A-4D1B-BC55-EA7B13E40C58}.Debug|Any CPU.ActiveCfg = Debug|Any CPU
		{CA93D257-285A-4D1B-BC55-EA7B13E40C58}.Debug|Any CPU.Build.0 = Debug|Any CPU
		{CA93D257-285A-4D1B-BC55-EA7B13E40C58}.Release|Any CPU.ActiveCfg = Release|Any CPU
		{CA93D257-285A-4D1B-BC55-EA7B13E40C58}.Release|Any CPU.Build.0 = Release|Any CPU
		{D4A72ACC-1ABC-4CC0-BE64-DC678F966587}.Debug|Any CPU.ActiveCfg = Debug|Any CPU
		{D4A72ACC-1ABC-4CC0-BE64-DC678F966587}.Debug|Any CPU.Build.0 = Debug|Any CPU
		{D4A72ACC-1ABC-4CC0-BE64-DC678F966587}.Release|Any CPU.ActiveCfg = Release|Any CPU
		{D4A72ACC-1ABC-4CC0-BE64-DC678F966587}.Release|Any CPU.Build.0 = Release|Any CPU
	EndGlobalSection
	GlobalSection(SolutionProperties) = preSolution
		HideSolutionNode = FALSE
	EndGlobalSection
	GlobalSection(NestedProjects) = preSolution
		{4BB25CA4-BCD1-4D64-882E-C09A6875B732} = {FBC4FD07-997C-4159-93F0-6AF90A3B67AF}
		{D4A72ACC-1ABC-4CC0-BE64-DC678F966587} = {FBC4FD07-997C-4159-93F0-6AF90A3B67AF}
		{02EA681E-C7D8-13C7-8484-4AC65E1B71E8} = {5155A12B-3B58-452C-B4A0-B814D4C0A3A4}
		{36FCDB1F-E190-4F66-A0CB-560C0A2A6576} = {02EA681E-C7D8-13C7-8484-4AC65E1B71E8}
	EndGlobalSection
	GlobalSection(ExtensibilityGlobals) = postSolution
		SolutionGuid = {C5D5F182-594B-49AC-AFED-593D2BEE0B7A}
	EndGlobalSection
EndGlobal
