
Microsoft Visual Studio Solution File, Format Version 12.00
# Visual Studio Version 16
VisualStudioVersion = 16.0.30804.86
MinimumVisualStudioVersion = 10.0.40219.1
Project("{9A19103F-16F7-4668-BE54-9A1E7A4F7556}") = "SmtpToRestService", "SmtpToRestService\SmtpToRestService.csproj", "{C3056569-8AA8-4771-B41A-3B875CE62F9C}"
EndProject
Project("{9A19103F-16F7-4668-BE54-9A1E7A4F7556}") = "SmtpToRestService.UnitTests", "SmtpToRestService.UnitTests\SmtpToRestService.UnitTests.csproj", "{4BB25CA4-BCD1-4D64-882E-C09A6875B732}"
EndProject
Project("{2150E333-8FDC-42A3-9474-1A3956D46DE8}") = "Solution Items", "Solution Items", "{5155A12B-3B58-452C-B4A0-B814D4C0A3A4}"
	ProjectSection(SolutionItems) = preProject
		README.md = README.md
	EndProjectSection
EndProject
Global
	GlobalSection(SolutionConfigurationPlatforms) = preSolution
		Debug|Any CPU = Debug|Any CPU
		Release|Any CPU = Release|Any CPU
	EndGlobalSection
	GlobalSection(ProjectConfigurationPlatforms) = postSolution
		{C3056569-8AA8-4771-B41A-3B875CE62F9C}.Debug|Any CPU.ActiveCfg = Debug|Any CPU
		{C3056569-8AA8-4771-B41A-3B875CE62F9C}.Debug|Any CPU.Build.0 = Debug|Any CPU
		{C3056569-8AA8-4771-B41A-3B875CE62F9C}.Release|Any CPU.ActiveCfg = Release|Any CPU
		{C3056569-8AA8-4771-B41A-3B875CE62F9C}.Release|Any CPU.Build.0 = Release|Any CPU
		{4BB25CA4-BCD1-4D64-882E-C09A6875B732}.Debug|Any CPU.ActiveCfg = Debug|Any CPU
		{4BB25CA4-BCD1-4D64-882E-C09A6875B732}.Debug|Any CPU.Build.0 = Debug|Any CPU
		{4BB25CA4-BCD1-4D64-882E-C09A6875B732}.Release|Any CPU.ActiveCfg = Release|Any CPU
		{4BB25CA4-BCD1-4D64-882E-C09A6875B732}.Release|Any CPU.Build.0 = Release|Any CPU
	EndGlobalSection
	GlobalSection(SolutionProperties) = preSolution
		HideSolutionNode = FALSE
	EndGlobalSection
	GlobalSection(ExtensibilityGlobals) = postSolution
		SolutionGuid = {C5D5F182-594B-49AC-AFED-593D2BEE0B7A}
	EndGlobalSection
EndGlobal
